
Microsoft Visual Studio Solution File, Format Version 12.00
# Visual Studio 2012
Project("{FAE04EC0-301F-11D3-BF4B-00C04F79EFBC}") = "WiFiPresenceLogger_v2", "WiFiPresenceLogger_v2\WiFiPresenceLogger_v2.csproj", "{B6D44339-182C-4985-8902-C9933340590F}"
EndProject
Project("{FAE04EC0-301F-11D3-BF4B-00C04F79EFBC}") = "WiFiPresenceLoggerClassLibrary", "WiFiPresenceLoggerClassLibrary\WiFiPresenceLoggerClassLibrary.csproj", "{1FEA3D38-F014-4EFA-AD69-723D11D60DEF}"
EndProject
Global
	GlobalSection(SolutionConfigurationPlatforms) = preSolution
		Debug|Any CPU = Debug|Any CPU
		Release|Any CPU = Release|Any CPU
	EndGlobalSection
	GlobalSection(ProjectConfigurationPlatforms) = postSolution
		{B6D44339-182C-4985-8902-C9933340590F}.Debug|Any CPU.ActiveCfg = Debug|Any CPU
		{B6D44339-182C-4985-8902-C9933340590F}.Debug|Any CPU.Build.0 = Debug|Any CPU
		{B6D44339-182C-4985-8902-C9933340590F}.Release|Any CPU.ActiveCfg = Release|Any CPU
		{B6D44339-182C-4985-8902-C9933340590F}.Release|Any CPU.Build.0 = Release|Any CPU
		{1FEA3D38-F014-4EFA-AD69-723D11D60DEF}.Debug|Any CPU.ActiveCfg = Debug|Any CPU
		{1FEA3D38-F014-4EFA-AD69-723D11D60DEF}.Debug|Any CPU.Build.0 = Debug|Any CPU
		{1FEA3D38-F014-4EFA-AD69-723D11D60DEF}.Release|Any CPU.ActiveCfg = Release|Any CPU
		{1FEA3D38-F014-4EFA-AD69-723D11D60DEF}.Release|Any CPU.Build.0 = Release|Any CPU
	EndGlobalSection
	GlobalSection(SolutionProperties) = preSolution
		HideSolutionNode = FALSE
	EndGlobalSection
	GlobalSection(ExtensibilityGlobals) = postSolution
		SolutionGuid = {D1D83DC0-92FB-41B5-AEF4-27AE832C0840}
	EndGlobalSection
	GlobalSection(Performance) = preSolution
		HasPerformanceSessions = true
	EndGlobalSection
EndGlobal
